
Microsoft Visual Studio Solution File, Format Version 12.00
# Visual Studio 2012
Project("{FAE04EC0-301F-11D3-BF4B-00C04F79EFBC}") = "Sitecore.Salesforce.CampaignExtension", "Sitecore.Salesforce.CampaignExtension\Sitecore.Salesforce.CampaignExtension.csproj", "{9DB5C4A4-04EB-40D7-8072-F5264B5665CB}"
EndProject
Global
	GlobalSection(SolutionConfigurationPlatforms) = preSolution
		Debug|Any CPU = Debug|Any CPU
		Release|Any CPU = Release|Any CPU
	EndGlobalSection
	GlobalSection(ProjectConfigurationPlatforms) = postSolution
		{9DB5C4A4-04EB-40D7-8072-F5264B5665CB}.Debug|Any CPU.ActiveCfg = Debug|Any CPU
		{9DB5C4A4-04EB-40D7-8072-F5264B5665CB}.Debug|Any CPU.Build.0 = Debug|Any CPU
		{9DB5C4A4-04EB-40D7-8072-F5264B5665CB}.Release|Any CPU.ActiveCfg = Release|Any CPU
		{9DB5C4A4-04EB-40D7-8072-F5264B5665CB}.Release|Any CPU.Build.0 = Release|Any CPU
	EndGlobalSection
	GlobalSection(SolutionProperties) = preSolution
		HideSolutionNode = FALSE
	EndGlobalSection
EndGlobal
